
Microsoft Visual Studio Solution File, Format Version 12.00
# Visual Studio Version 17
VisualStudioVersion = 17.3.32929.385
MinimumVisualStudioVersion = 10.0.40219.1
Project("{9A19103F-16F7-4668-BE54-9A1E7A4F7556}") = "TCPServer", "TCPServer\TCPServer.csproj", "{09C85E39-53EF-466A-AB8B-DF23EBF3065B}"
EndProject
Project("{9A19103F-16F7-4668-BE54-9A1E7A4F7556}") = "XProtocol", "XProtocol\XProtocol.csproj", "{B510589E-929E-47FC-9908-01F631FFB574}"
EndProject
Project("{9A19103F-16F7-4668-BE54-9A1E7A4F7556}") = "GameLogic", "GameLogic\GameLogic.csproj", "{C814A36D-506C-4D42-98B5-AEC4FDCD918F}"
EndProject
Project("{9A19103F-16F7-4668-BE54-9A1E7A4F7556}") = "Client", "Client\Client.csproj", "{4D33DD0A-846B-428E-83AB-74112F142075}"
EndProject
Global
	GlobalSection(SolutionConfigurationPlatforms) = preSolution
		Debug|Any CPU = Debug|Any CPU
		Release|Any CPU = Release|Any CPU
	EndGlobalSection
	GlobalSection(ProjectConfigurationPlatforms) = postSolution
		{09C85E39-53EF-466A-AB8B-DF23EBF3065B}.Debug|Any CPU.ActiveCfg = Debug|Any CPU
		{09C85E39-53EF-466A-AB8B-DF23EBF3065B}.Debug|Any CPU.Build.0 = Debug|Any CPU
		{09C85E39-53EF-466A-AB8B-DF23EBF3065B}.Release|Any CPU.ActiveCfg = Release|Any CPU
		{09C85E39-53EF-466A-AB8B-DF23EBF3065B}.Release|Any CPU.Build.0 = Release|Any CPU
		{B510589E-929E-47FC-9908-01F631FFB574}.Debug|Any CPU.ActiveCfg = Debug|Any CPU
		{B510589E-929E-47FC-9908-01F631FFB574}.Debug|Any CPU.Build.0 = Debug|Any CPU
		{B510589E-929E-47FC-9908-01F631FFB574}.Release|Any CPU.ActiveCfg = Release|Any CPU
		{B510589E-929E-47FC-9908-01F631FFB574}.Release|Any CPU.Build.0 = Release|Any CPU
		{C814A36D-506C-4D42-98B5-AEC4FDCD918F}.Debug|Any CPU.ActiveCfg = Debug|Any CPU
		{C814A36D-506C-4D42-98B5-AEC4FDCD918F}.Debug|Any CPU.Build.0 = Debug|Any CPU
		{C814A36D-506C-4D42-98B5-AEC4FDCD918F}.Release|Any CPU.ActiveCfg = Release|Any CPU
		{C814A36D-506C-4D42-98B5-AEC4FDCD918F}.Release|Any CPU.Build.0 = Release|Any CPU
		{4D33DD0A-846B-428E-83AB-74112F142075}.Debug|Any CPU.ActiveCfg = Debug|Any CPU
		{4D33DD0A-846B-428E-83AB-74112F142075}.Debug|Any CPU.Build.0 = Debug|Any CPU
		{4D33DD0A-846B-428E-83AB-74112F142075}.Release|Any CPU.ActiveCfg = Release|Any CPU
		{4D33DD0A-846B-428E-83AB-74112F142075}.Release|Any CPU.Build.0 = Release|Any CPU
	EndGlobalSection
	GlobalSection(SolutionProperties) = preSolution
		HideSolutionNode = FALSE
	EndGlobalSection
	GlobalSection(ExtensibilityGlobals) = postSolution
		SolutionGuid = {F623C88C-1A16-4501-98E6-AA3FD01FF781}
	EndGlobalSection
EndGlobal
